// !$*UTF8*$!
{
	archiveVersion = 1;
	classes = {
	};
	objectVersion = 56;
	objects = {

/* Begin PBXBuildFile section */
		2F198DF92AF8F852001D607E /* AppDelegate.swift in Sources */ = {isa = PBXBuildFile; fileRef = 2F198DF82AF8F852001D607E /* AppDelegate.swift */; };
		2F198DFB2AF8F852001D607E /* SceneDelegate.swift in Sources */ = {isa = PBXBuildFile; fileRef = 2F198DFA2AF8F852001D607E /* SceneDelegate.swift */; };
		2F198DFD2AF8F852001D607E /* MovieViewController.swift in Sources */ = {isa = PBXBuildFile; fileRef = 2F198DFC2AF8F852001D607E /* MovieViewController.swift */; };
		2F198E022AF8F855001D607E /* Assets.xcassets in Resources */ = {isa = PBXBuildFile; fileRef = 2F198E012AF8F855001D607E /* Assets.xcassets */; };
		2F198E052AF8F855001D607E /* LaunchScreen.storyboard in Resources */ = {isa = PBXBuildFile; fileRef = 2F198E032AF8F855001D607E /* LaunchScreen.storyboard */; };
		2F198E102AF8F855001D607E /* MoviesAppTests.swift in Sources */ = {isa = PBXBuildFile; fileRef = 2F198E0F2AF8F855001D607E /* MoviesAppTests.swift */; };
		2F198E1A2AF8F855001D607E /* MoviesAppUITests.swift in Sources */ = {isa = PBXBuildFile; fileRef = 2F198E192AF8F855001D607E /* MoviesAppUITests.swift */; };
		2F198E1C2AF8F855001D607E /* MoviesAppUITestsLaunchTests.swift in Sources */ = {isa = PBXBuildFile; fileRef = 2F198E1B2AF8F855001D607E /* MoviesAppUITestsLaunchTests.swift */; };
		2F198E292AF8FA22001D607E /* Keys.swift in Sources */ = {isa = PBXBuildFile; fileRef = 2F198E282AF8FA22001D607E /* Keys.swift */; };
		2F198E322AF8FE3E001D607E /* NetworkManagerProtocol.swift in Sources */ = {isa = PBXBuildFile; fileRef = 2F198E312AF8FE3E001D607E /* NetworkManagerProtocol.swift */; };
		2F198E342AF90020001D607E /* Movie.swift in Sources */ = {isa = PBXBuildFile; fileRef = 2F198E332AF90020001D607E /* Movie.swift */; };
		2F198E382AF90134001D607E /* WebManager.swift in Sources */ = {isa = PBXBuildFile; fileRef = 2F198E372AF90134001D607E /* WebManager.swift */; };
		2F198E3A2AF901EB001D607E /* Constants.swift in Sources */ = {isa = PBXBuildFile; fileRef = 2F198E392AF901EB001D607E /* Constants.swift */; };
		2F198E3C2AF908F7001D607E /* LocalManager.swift in Sources */ = {isa = PBXBuildFile; fileRef = 2F198E3B2AF908F7001D607E /* LocalManager.swift */; };
		2F198E3E2AF90E83001D607E /* MovieViewModel.swift in Sources */ = {isa = PBXBuildFile; fileRef = 2F198E3D2AF90E83001D607E /* MovieViewModel.swift */; };
		2F198E402AF90ED7001D607E /* MovieViewDelegate.swift in Sources */ = {isa = PBXBuildFile; fileRef = 2F198E3F2AF90ED7001D607E /* MovieViewDelegate.swift */; };
		2F198E432AF9174D001D607E /* Kingfisher in Frameworks */ = {isa = PBXBuildFile; productRef = 2F198E422AF9174D001D607E /* Kingfisher */; };
/* End PBXBuildFile section */

/* Begin PBXContainerItemProxy section */
		2F198E0C2AF8F855001D607E /* PBXContainerItemProxy */ = {
			isa = PBXContainerItemProxy;
			containerPortal = 2F198DED2AF8F852001D607E /* Project object */;
			proxyType = 1;
			remoteGlobalIDString = 2F198DF42AF8F852001D607E;
			remoteInfo = MoviesApp;
		};
		2F198E162AF8F855001D607E /* PBXContainerItemProxy */ = {
			isa = PBXContainerItemProxy;
			containerPortal = 2F198DED2AF8F852001D607E /* Project object */;
			proxyType = 1;
			remoteGlobalIDString = 2F198DF42AF8F852001D607E;
			remoteInfo = MoviesApp;
		};
/* End PBXContainerItemProxy section */

/* Begin PBXFileReference section */
		2F198DF52AF8F852001D607E /* MoviesApp.app */ = {isa = PBXFileReference; explicitFileType = wrapper.application; includeInIndex = 0; path = MoviesApp.app; sourceTree = BUILT_PRODUCTS_DIR; };
		2F198DF82AF8F852001D607E /* AppDelegate.swift */ = {isa = PBXFileReference; lastKnownFileType = sourcecode.swift; path = AppDelegate.swift; sourceTree = "<group>"; };
		2F198DFA2AF8F852001D607E /* SceneDelegate.swift */ = {isa = PBXFileReference; lastKnownFileType = sourcecode.swift; path = SceneDelegate.swift; sourceTree = "<group>"; };
		2F198DFC2AF8F852001D607E /* MovieViewController.swift */ = {isa = PBXFileReference; lastKnownFileType = sourcecode.swift; path = MovieViewController.swift; sourceTree = "<group>"; };
		2F198E012AF8F855001D607E /* Assets.xcassets */ = {isa = PBXFileReference; lastKnownFileType = folder.assetcatalog; path = Assets.xcassets; sourceTree = "<group>"; };
		2F198E042AF8F855001D607E /* Base */ = {isa = PBXFileReference; lastKnownFileType = file.storyboard; name = Base; path = Base.lproj/LaunchScreen.storyboard; sourceTree = "<group>"; };
		2F198E062AF8F855001D607E /* Info.plist */ = {isa = PBXFileReference; lastKnownFileType = text.plist.xml; path = Info.plist; sourceTree = "<group>"; };
		2F198E0B2AF8F855001D607E /* MoviesAppTests.xctest */ = {isa = PBXFileReference; explicitFileType = wrapper.cfbundle; includeInIndex = 0; path = MoviesAppTests.xctest; sourceTree = BUILT_PRODUCTS_DIR; };
		2F198E0F2AF8F855001D607E /* MoviesAppTests.swift */ = {isa = PBXFileReference; lastKnownFileType = sourcecode.swift; path = MoviesAppTests.swift; sourceTree = "<group>"; };
		2F198E152AF8F855001D607E /* MoviesAppUITests.xctest */ = {isa = PBXFileReference; explicitFileType = wrapper.cfbundle; includeInIndex = 0; path = MoviesAppUITests.xctest; sourceTree = BUILT_PRODUCTS_DIR; };
		2F198E192AF8F855001D607E /* MoviesAppUITests.swift */ = {isa = PBXFileReference; lastKnownFileType = sourcecode.swift; path = MoviesAppUITests.swift; sourceTree = "<group>"; };
		2F198E1B2AF8F855001D607E /* MoviesAppUITestsLaunchTests.swift */ = {isa = PBXFileReference; lastKnownFileType = sourcecode.swift; path = MoviesAppUITestsLaunchTests.swift; sourceTree = "<group>"; };
		2F198E282AF8FA22001D607E /* Keys.swift */ = {isa = PBXFileReference; lastKnownFileType = sourcecode.swift; path = Keys.swift; sourceTree = "<group>"; };
		2F198E312AF8FE3E001D607E /* NetworkManagerProtocol.swift */ = {isa = PBXFileReference; lastKnownFileType = sourcecode.swift; path = NetworkManagerProtocol.swift; sourceTree = "<group>"; };
		2F198E332AF90020001D607E /* Movie.swift */ = {isa = PBXFileReference; lastKnownFileType = sourcecode.swift; path = Movie.swift; sourceTree = "<group>"; };
		2F198E372AF90134001D607E /* WebManager.swift */ = {isa = PBXFileReference; lastKnownFileType = sourcecode.swift; path = WebManager.swift; sourceTree = "<group>"; };
		2F198E392AF901EB001D607E /* Constants.swift */ = {isa = PBXFileReference; lastKnownFileType = sourcecode.swift; path = Constants.swift; sourceTree = "<group>"; };
		2F198E3B2AF908F7001D607E /* LocalManager.swift */ = {isa = PBXFileReference; lastKnownFileType = sourcecode.swift; path = LocalManager.swift; sourceTree = "<group>"; };
		2F198E3D2AF90E83001D607E /* MovieViewModel.swift */ = {isa = PBXFileReference; lastKnownFileType = sourcecode.swift; path = MovieViewModel.swift; sourceTree = "<group>"; };
		2F198E3F2AF90ED7001D607E /* MovieViewDelegate.swift */ = {isa = PBXFileReference; lastKnownFileType = sourcecode.swift; path = MovieViewDelegate.swift; sourceTree = "<group>"; };
/* End PBXFileReference section */

/* Begin PBXFrameworksBuildPhase section */
		2F198DF22AF8F852001D607E /* Frameworks */ = {
			isa = PBXFrameworksBuildPhase;
			buildActionMask = 2147483647;
			files = (
				2F198E432AF9174D001D607E /* Kingfisher in Frameworks */,
			);
			runOnlyForDeploymentPostprocessing = 0;
		};
		2F198E082AF8F855001D607E /* Frameworks */ = {
			isa = PBXFrameworksBuildPhase;
			buildActionMask = 2147483647;
			files = (
			);
			runOnlyForDeploymentPostprocessing = 0;
		};
		2F198E122AF8F855001D607E /* Frameworks */ = {
			isa = PBXFrameworksBuildPhase;
			buildActionMask = 2147483647;
			files = (
			);
			runOnlyForDeploymentPostprocessing = 0;
		};
/* End PBXFrameworksBuildPhase section */

/* Begin PBXGroup section */
		2F198DEC2AF8F852001D607E = {
			isa = PBXGroup;
			children = (
				2F198DF72AF8F852001D607E /* MoviesApp */,
				2F198E0E2AF8F855001D607E /* MoviesAppTests */,
				2F198E182AF8F855001D607E /* MoviesAppUITests */,
				2F198DF62AF8F852001D607E /* Products */,
			);
			sourceTree = "<group>";
		};
		2F198DF62AF8F852001D607E /* Products */ = {
			isa = PBXGroup;
			children = (
				2F198DF52AF8F852001D607E /* MoviesApp.app */,
				2F198E0B2AF8F855001D607E /* MoviesAppTests.xctest */,
				2F198E152AF8F855001D607E /* MoviesAppUITests.xctest */,
			);
			name = Products;
			sourceTree = "<group>";
		};
		2F198DF72AF8F852001D607E /* MoviesApp */ = {
			isa = PBXGroup;
			children = (
				2F198E2A2AF8FC2C001D607E /* Main */,
				2F198E2D2AF8FC7E001D607E /* Model */,
				2F198E2B2AF8FC49001D607E /* View */,
				2F198E2E2AF8FC9E001D607E /* ViewModel */,
				2F198E2C2AF8FC5E001D607E /* Service */,
				2F198E2F2AF8FDDA001D607E /* Extension */,
				2F198E302AF8FDEA001D607E /* Constants */,
				2F198E282AF8FA22001D607E /* Keys.swift */,
				2F198E062AF8F855001D607E /* Info.plist */,
			);
			path = MoviesApp;
			sourceTree = "<group>";
		};
		2F198E0E2AF8F855001D607E /* MoviesAppTests */ = {
			isa = PBXGroup;
			children = (
				2F198E0F2AF8F855001D607E /* MoviesAppTests.swift */,
			);
			path = MoviesAppTests;
			sourceTree = "<group>";
		};
		2F198E182AF8F855001D607E /* MoviesAppUITests */ = {
			isa = PBXGroup;
			children = (
				2F198E192AF8F855001D607E /* MoviesAppUITests.swift */,
				2F198E1B2AF8F855001D607E /* MoviesAppUITestsLaunchTests.swift */,
			);
			path = MoviesAppUITests;
			sourceTree = "<group>";
		};
		2F198E2A2AF8FC2C001D607E /* Main */ = {
			isa = PBXGroup;
			children = (
				2F198DFA2AF8F852001D607E /* SceneDelegate.swift */,
				2F198DF82AF8F852001D607E /* AppDelegate.swift */,
				2F198E012AF8F855001D607E /* Assets.xcassets */,
				2F198E032AF8F855001D607E /* LaunchScreen.storyboard */,
			);
			path = Main;
			sourceTree = "<group>";
		};
		2F198E2B2AF8FC49001D607E /* View */ = {
			isa = PBXGroup;
			children = (
				2F198DFC2AF8F852001D607E /* MovieViewController.swift */,
			);
			path = View;
			sourceTree = "<group>";
		};
		2F198E2C2AF8FC5E001D607E /* Service */ = {
			isa = PBXGroup;
			children = (
				2F198E312AF8FE3E001D607E /* NetworkManagerProtocol.swift */,
				2F198E372AF90134001D607E /* WebManager.swift */,
				2F198E3B2AF908F7001D607E /* LocalManager.swift */,
			);
			path = Service;
			sourceTree = "<group>";
		};
		2F198E2D2AF8FC7E001D607E /* Model */ = {
			isa = PBXGroup;
			children = (
				2F198E332AF90020001D607E /* Movie.swift */,
			);
			path = Model;
			sourceTree = "<group>";
		};
		2F198E2E2AF8FC9E001D607E /* ViewModel */ = {
			isa = PBXGroup;
			children = (
				2F198E3D2AF90E83001D607E /* MovieViewModel.swift */,
				2F198E3F2AF90ED7001D607E /* MovieViewDelegate.swift */,
			);
			path = ViewModel;
			sourceTree = "<group>";
		};
		2F198E2F2AF8FDDA001D607E /* Extension */ = {
			isa = PBXGroup;
			children = (
			);
			path = Extension;
			sourceTree = "<group>";
		};
		2F198E302AF8FDEA001D607E /* Constants */ = {
			isa = PBXGroup;
			children = (
				2F198E392AF901EB001D607E /* Constants.swift */,
			);
			path = Constants;
			sourceTree = "<group>";
		};
/* End PBXGroup section */

/* Begin PBXNativeTarget section */
		2F198DF42AF8F852001D607E /* MoviesApp */ = {
			isa = PBXNativeTarget;
			buildConfigurationList = 2F198E1F2AF8F855001D607E /* Build configuration list for PBXNativeTarget "MoviesApp" */;
			buildPhases = (
				2F198DF12AF8F852001D607E /* Sources */,
				2F198DF22AF8F852001D607E /* Frameworks */,
				2F198DF32AF8F852001D607E /* Resources */,
			);
			buildRules = (
			);
			dependencies = (
			);
			name = MoviesApp;
			packageProductDependencies = (
				2F198E422AF9174D001D607E /* Kingfisher */,
			);
			productName = MoviesApp;
			productReference = 2F198DF52AF8F852001D607E /* MoviesApp.app */;
			productType = "com.apple.product-type.application";
		};
		2F198E0A2AF8F855001D607E /* MoviesAppTests */ = {
			isa = PBXNativeTarget;
			buildConfigurationList = 2F198E222AF8F855001D607E /* Build configuration list for PBXNativeTarget "MoviesAppTests" */;
			buildPhases = (
				2F198E072AF8F855001D607E /* Sources */,
				2F198E082AF8F855001D607E /* Frameworks */,
				2F198E092AF8F855001D607E /* Resources */,
			);
			buildRules = (
			);
			dependencies = (
				2F198E0D2AF8F855001D607E /* PBXTargetDependency */,
			);
			name = MoviesAppTests;
			productName = MoviesAppTests;
			productReference = 2F198E0B2AF8F855001D607E /* MoviesAppTests.xctest */;
			productType = "com.apple.product-type.bundle.unit-test";
		};
		2F198E142AF8F855001D607E /* MoviesAppUITests */ = {
			isa = PBXNativeTarget;
			buildConfigurationList = 2F198E252AF8F855001D607E /* Build configuration list for PBXNativeTarget "MoviesAppUITests" */;
			buildPhases = (
				2F198E112AF8F855001D607E /* Sources */,
				2F198E122AF8F855001D607E /* Frameworks */,
				2F198E132AF8F855001D607E /* Resources */,
			);
			buildRules = (
			);
			dependencies = (
				2F198E172AF8F855001D607E /* PBXTargetDependency */,
			);
			name = MoviesAppUITests;
			productName = MoviesAppUITests;
			productReference = 2F198E152AF8F855001D607E /* MoviesAppUITests.xctest */;
			productType = "com.apple.product-type.bundle.ui-testing";
		};
/* End PBXNativeTarget section */

/* Begin PBXProject section */
		2F198DED2AF8F852001D607E /* Project object */ = {
			isa = PBXProject;
			attributes = {
				BuildIndependentTargetsInParallel = 1;
				LastSwiftUpdateCheck = 1500;
				LastUpgradeCheck = 1500;
				TargetAttributes = {
					2F198DF42AF8F852001D607E = {
						CreatedOnToolsVersion = 15.0.1;
					};
					2F198E0A2AF8F855001D607E = {
						CreatedOnToolsVersion = 15.0.1;
						TestTargetID = 2F198DF42AF8F852001D607E;
					};
					2F198E142AF8F855001D607E = {
						CreatedOnToolsVersion = 15.0.1;
						TestTargetID = 2F198DF42AF8F852001D607E;
					};
				};
			};
			buildConfigurationList = 2F198DF02AF8F852001D607E /* Build configuration list for PBXProject "MoviesApp" */;
			compatibilityVersion = "Xcode 14.0";
			developmentRegion = en;
			hasScannedForEncodings = 0;
			knownRegions = (
				en,
				Base,
			);
			mainGroup = 2F198DEC2AF8F852001D607E;
			packageReferences = (
				2F198E412AF9174D001D607E /* XCRemoteSwiftPackageReference "Kingfisher" */,
			);
			productRefGroup = 2F198DF62AF8F852001D607E /* Products */;
			projectDirPath = "";
			projectRoot = "";
			targets = (
				2F198DF42AF8F852001D607E /* MoviesApp */,
				2F198E0A2AF8F855001D607E /* MoviesAppTests */,
				2F198E142AF8F855001D607E /* MoviesAppUITests */,
			);
		};
/* End PBXProject section */

/* Begin PBXResourcesBuildPhase section */
		2F198DF32AF8F852001D607E /* Resources */ = {
			isa = PBXResourcesBuildPhase;
			buildActionMask = 2147483647;
			files = (
				2F198E052AF8F855001D607E /* LaunchScreen.storyboard in Resources */,
				2F198E022AF8F855001D607E /* Assets.xcassets in Resources */,
			);
			runOnlyForDeploymentPostprocessing = 0;
		};
		2F198E092AF8F855001D607E /* Resources */ = {
			isa = PBXResourcesBuildPhase;
			buildActionMask = 2147483647;
			files = (
			);
			runOnlyForDeploymentPostprocessing = 0;
		};
		2F198E132AF8F855001D607E /* Resources */ = {
			isa = PBXResourcesBuildPhase;
			buildActionMask = 2147483647;
			files = (
			);
			runOnlyForDeploymentPostprocessing = 0;
		};
/* End PBXResourcesBuildPhase section */

/* Begin PBXSourcesBuildPhase section */
		2F198DF12AF8F852001D607E /* Sources */ = {
			isa = PBXSourcesBuildPhase;
			buildActionMask = 2147483647;
			files = (
				2F198DFD2AF8F852001D607E /* MovieViewController.swift in Sources */,
				2F198E292AF8FA22001D607E /* Keys.swift in Sources */,
				2F198E342AF90020001D607E /* Movie.swift in Sources */,
				2F198E382AF90134001D607E /* WebManager.swift in Sources */,
				2F198DF92AF8F852001D607E /* AppDelegate.swift in Sources */,
				2F198E402AF90ED7001D607E /* MovieViewDelegate.swift in Sources */,
				2F198E3C2AF908F7001D607E /* LocalManager.swift in Sources */,
				2F198E322AF8FE3E001D607E /* NetworkManagerProtocol.swift in Sources */,
				2F198DFB2AF8F852001D607E /* SceneDelegate.swift in Sources */,
				2F198E3A2AF901EB001D607E /* Constants.swift in Sources */,
				2F198E3E2AF90E83001D607E /* MovieViewModel.swift in Sources */,
			);
			runOnlyForDeploymentPostprocessing = 0;
		};
		2F198E072AF8F855001D607E /* Sources */ = {
			isa = PBXSourcesBuildPhase;
			buildActionMask = 2147483647;
			files = (
				2F198E102AF8F855001D607E /* MoviesAppTests.swift in Sources */,
			);
			runOnlyForDeploymentPostprocessing = 0;
		};
		2F198E112AF8F855001D607E /* Sources */ = {
			isa = PBXSourcesBuildPhase;
			buildActionMask = 2147483647;
			files = (
				2F198E1A2AF8F855001D607E /* MoviesAppUITests.swift in Sources */,
				2F198E1C2AF8F855001D607E /* MoviesAppUITestsLaunchTests.swift in Sources */,
			);
			runOnlyForDeploymentPostprocessing = 0;
		};
/* End PBXSourcesBuildPhase section */

/* Begin PBXTargetDependency section */
		2F198E0D2AF8F855001D607E /* PBXTargetDependency */ = {
			isa = PBXTargetDependency;
			target = 2F198DF42AF8F852001D607E /* MoviesApp */;
			targetProxy = 2F198E0C2AF8F855001D607E /* PBXContainerItemProxy */;
		};
		2F198E172AF8F855001D607E /* PBXTargetDependency */ = {
			isa = PBXTargetDependency;
			target = 2F198DF42AF8F852001D607E /* MoviesApp */;
			targetProxy = 2F198E162AF8F855001D607E /* PBXContainerItemProxy */;
		};
/* End PBXTargetDependency section */

/* Begin PBXVariantGroup section */
		2F198E032AF8F855001D607E /* LaunchScreen.storyboard */ = {
			isa = PBXVariantGroup;
			children = (
				2F198E042AF8F855001D607E /* Base */,
			);
			name = LaunchScreen.storyboard;
			sourceTree = "<group>";
		};
/* End PBXVariantGroup section */

/* Begin XCBuildConfiguration section */
		2F198E1D2AF8F855001D607E /* Debug */ = {
			isa = XCBuildConfiguration;
			buildSettings = {
				ALWAYS_SEARCH_USER_PATHS = NO;
				ASSETCATALOG_COMPILER_GENERATE_SWIFT_ASSET_SYMBOL_EXTENSIONS = YES;
				CLANG_ANALYZER_NONNULL = YES;
				CLANG_ANALYZER_NUMBER_OBJECT_CONVERSION = YES_AGGRESSIVE;
				CLANG_CXX_LANGUAGE_STANDARD = "gnu++20";
				CLANG_ENABLE_MODULES = YES;
				CLANG_ENABLE_OBJC_ARC = YES;
				CLANG_ENABLE_OBJC_WEAK = YES;
				CLANG_WARN_BLOCK_CAPTURE_AUTORELEASING = YES;
				CLANG_WARN_BOOL_CONVERSION = YES;
				CLANG_WARN_COMMA = YES;
				CLANG_WARN_CONSTANT_CONVERSION = YES;
				CLANG_WARN_DEPRECATED_OBJC_IMPLEMENTATIONS = YES;
				CLANG_WARN_DIRECT_OBJC_ISA_USAGE = YES_ERROR;
				CLANG_WARN_DOCUMENTATION_COMMENTS = YES;
				CLANG_WARN_EMPTY_BODY = YES;
				CLANG_WARN_ENUM_CONVERSION = YES;
				CLANG_WARN_INFINITE_RECURSION = YES;
				CLANG_WARN_INT_CONVERSION = YES;
				CLANG_WARN_NON_LITERAL_NULL_CONVERSION = YES;
				CLANG_WARN_OBJC_IMPLICIT_RETAIN_SELF = YES;
				CLANG_WARN_OBJC_LITERAL_CONVERSION = YES;
				CLANG_WARN_OBJC_ROOT_CLASS = YES_ERROR;
				CLANG_WARN_QUOTED_INCLUDE_IN_FRAMEWORK_HEADER = YES;
				CLANG_WARN_RANGE_LOOP_ANALYSIS = YES;
				CLANG_WARN_STRICT_PROTOTYPES = YES;
				CLANG_WARN_SUSPICIOUS_MOVE = YES;
				CLANG_WARN_UNGUARDED_AVAILABILITY = YES_AGGRESSIVE;
				CLANG_WARN_UNREACHABLE_CODE = YES;
				CLANG_WARN__DUPLICATE_METHOD_MATCH = YES;
				COPY_PHASE_STRIP = NO;
				DEBUG_INFORMATION_FORMAT = dwarf;
				ENABLE_STRICT_OBJC_MSGSEND = YES;
				ENABLE_TESTABILITY = YES;
				ENABLE_USER_SCRIPT_SANDBOXING = YES;
				GCC_C_LANGUAGE_STANDARD = gnu17;
				GCC_DYNAMIC_NO_PIC = NO;
				GCC_NO_COMMON_BLOCKS = YES;
				GCC_OPTIMIZATION_LEVEL = 0;
				GCC_PREPROCESSOR_DEFINITIONS = (
					"DEBUG=1",
					"$(inherited)",
				);
				GCC_WARN_64_TO_32_BIT_CONVERSION = YES;
				GCC_WARN_ABOUT_RETURN_TYPE = YES_ERROR;
				GCC_WARN_UNDECLARED_SELECTOR = YES;
				GCC_WARN_UNINITIALIZED_AUTOS = YES_AGGRESSIVE;
				GCC_WARN_UNUSED_FUNCTION = YES;
				GCC_WARN_UNUSED_VARIABLE = YES;
				IPHONEOS_DEPLOYMENT_TARGET = 17.0;
				LOCALIZATION_PREFERS_STRING_CATALOGS = YES;
				MTL_ENABLE_DEBUG_INFO = INCLUDE_SOURCE;
				MTL_FAST_MATH = YES;
				ONLY_ACTIVE_ARCH = YES;
				SDKROOT = iphoneos;
				SWIFT_ACTIVE_COMPILATION_CONDITIONS = "DEBUG $(inherited)";
				SWIFT_OPTIMIZATION_LEVEL = "-Onone";
			};
			name = Debug;
		};
		2F198E1E2AF8F855001D607E /* Release */ = {
			isa = XCBuildConfiguration;
			buildSettings = {
				ALWAYS_SEARCH_USER_PATHS = NO;
				ASSETCATALOG_COMPILER_GENERATE_SWIFT_ASSET_SYMBOL_EXTENSIONS = YES;
				CLANG_ANALYZER_NONNULL = YES;
				CLANG_ANALYZER_NUMBER_OBJECT_CONVERSION = YES_AGGRESSIVE;
				CLANG_CXX_LANGUAGE_STANDARD = "gnu++20";
				CLANG_ENABLE_MODULES = YES;
				CLANG_ENABLE_OBJC_ARC = YES;
				CLANG_ENABLE_OBJC_WEAK = YES;
				CLANG_WARN_BLOCK_CAPTURE_AUTORELEASING = YES;
				CLANG_WARN_BOOL_CONVERSION = YES;
				CLANG_WARN_COMMA = YES;
				CLANG_WARN_CONSTANT_CONVERSION = YES;
				CLANG_WARN_DEPRECATED_OBJC_IMPLEMENTATIONS = YES;
				CLANG_WARN_DIRECT_OBJC_ISA_USAGE = YES_ERROR;
				CLANG_WARN_DOCUMENTATION_COMMENTS = YES;
				CLANG_WARN_EMPTY_BODY = YES;
				CLANG_WARN_ENUM_CONVERSION = YES;
				CLANG_WARN_INFINITE_RECURSION = YES;
				CLANG_WARN_INT_CONVERSION = YES;
				CLANG_WARN_NON_LITERAL_NULL_CONVERSION = YES;
				CLANG_WARN_OBJC_IMPLICIT_RETAIN_SELF = YES;
				CLANG_WARN_OBJC_LITERAL_CONVERSION = YES;
				CLANG_WARN_OBJC_ROOT_CLASS = YES_ERROR;
				CLANG_WARN_QUOTED_INCLUDE_IN_FRAMEWORK_HEADER = YES;
				CLANG_WARN_RANGE_LOOP_ANALYSIS = YES;
				CLANG_WARN_STRICT_PROTOTYPES = YES;
				CLANG_WARN_SUSPICIOUS_MOVE = YES;
				CLANG_WARN_UNGUARDED_AVAILABILITY = YES_AGGRESSIVE;
				CLANG_WARN_UNREACHABLE_CODE = YES;
				CLANG_WARN__DUPLICATE_METHOD_MATCH = YES;
				COPY_PHASE_STRIP = NO;
				DEBUG_INFORMATION_FORMAT = "dwarf-with-dsym";
				ENABLE_NS_ASSERTIONS = NO;
				ENABLE_STRICT_OBJC_MSGSEND = YES;
				ENABLE_USER_SCRIPT_SANDBOXING = YES;
				GCC_C_LANGUAGE_STANDARD = gnu17;
				GCC_NO_COMMON_BLOCKS = YES;
				GCC_WARN_64_TO_32_BIT_CONVERSION = YES;
				GCC_WARN_ABOUT_RETURN_TYPE = YES_ERROR;
				GCC_WARN_UNDECLARED_SELECTOR = YES;
				GCC_WARN_UNINITIALIZED_AUTOS = YES_AGGRESSIVE;
				GCC_WARN_UNUSED_FUNCTION = YES;
				GCC_WARN_UNUSED_VARIABLE = YES;
				IPHONEOS_DEPLOYMENT_TARGET = 17.0;
				LOCALIZATION_PREFERS_STRING_CATALOGS = YES;
				MTL_ENABLE_DEBUG_INFO = NO;
				MTL_FAST_MATH = YES;
				SDKROOT = iphoneos;
				SWIFT_COMPILATION_MODE = wholemodule;
				VALIDATE_PRODUCT = YES;
			};
			name = Release;
		};
		2F198E202AF8F855001D607E /* Debug */ = {
			isa = XCBuildConfiguration;
			buildSettings = {
				ASSETCATALOG_COMPILER_APPICON_NAME = AppIcon;
				ASSETCATALOG_COMPILER_GLOBAL_ACCENT_COLOR_NAME = AccentColor;
				CODE_SIGN_STYLE = Automatic;
				CURRENT_PROJECT_VERSION = 1;
				DEVELOPMENT_TEAM = 253GAU5X5Q;
				GENERATE_INFOPLIST_FILE = YES;
				INFOPLIST_FILE = MoviesApp/Info.plist;
				INFOPLIST_KEY_UIApplicationSupportsIndirectInputEvents = YES;
				INFOPLIST_KEY_UILaunchStoryboardName = LaunchScreen;
				INFOPLIST_KEY_UISupportedInterfaceOrientations_iPad = "UIInterfaceOrientationPortrait UIInterfaceOrientationPortraitUpsideDown UIInterfaceOrientationLandscapeLeft UIInterfaceOrientationLandscapeRight";
				INFOPLIST_KEY_UISupportedInterfaceOrientations_iPhone = "UIInterfaceOrientationPortrait UIInterfaceOrientationLandscapeLeft UIInterfaceOrientationLandscapeRight";
				LD_RUNPATH_SEARCH_PATHS = (
					"$(inherited)",
					"@executable_path/Frameworks",
				);
				MARKETING_VERSION = 1.0;
				PRODUCT_BUNDLE_IDENTIFIER = com.muratkaya.MoviesApp;
				PRODUCT_NAME = "$(TARGET_NAME)";
				SWIFT_EMIT_LOC_STRINGS = YES;
				SWIFT_VERSION = 5.0;
				TARGETED_DEVICE_FAMILY = "1,2";
			};
			name = Debug;
		};
		2F198E212AF8F855001D607E /* Release */ = {
			isa = XCBuildConfiguration;
			buildSettings = {
				ASSETCATALOG_COMPILER_APPICON_NAME = AppIcon;
				ASSETCATALOG_COMPILER_GLOBAL_ACCENT_COLOR_NAME = AccentColor;
				CODE_SIGN_STYLE = Automatic;
				CURRENT_PROJECT_VERSION = 1;
				DEVELOPMENT_TEAM = 253GAU5X5Q;
				GENERATE_INFOPLIST_FILE = YES;
				INFOPLIST_FILE = MoviesApp/Info.plist;
				INFOPLIST_KEY_UIApplicationSupportsIndirectInputEvents = YES;
				INFOPLIST_KEY_UILaunchStoryboardName = LaunchScreen;
				INFOPLIST_KEY_UISupportedInterfaceOrientations_iPad = "UIInterfaceOrientationPortrait UIInterfaceOrientationPortraitUpsideDown UIInterfaceOrientationLandscapeLeft UIInterfaceOrientationLandscapeRight";
				INFOPLIST_KEY_UISupportedInterfaceOrientations_iPhone = "UIInterfaceOrientationPortrait UIInterfaceOrientationLandscapeLeft UIInterfaceOrientationLandscapeRight";
				LD_RUNPATH_SEARCH_PATHS = (
					"$(inherited)",
					"@executable_path/Frameworks",
				);
				MARKETING_VERSION = 1.0;
				PRODUCT_BUNDLE_IDENTIFIER = com.muratkaya.MoviesApp;
				PRODUCT_NAME = "$(TARGET_NAME)";
				SWIFT_EMIT_LOC_STRINGS = YES;
				SWIFT_VERSION = 5.0;
				TARGETED_DEVICE_FAMILY = "1,2";
			};
			name = Release;
		};
		2F198E232AF8F855001D607E /* Debug */ = {
			isa = XCBuildConfiguration;
			buildSettings = {
				ALWAYS_EMBED_SWIFT_STANDARD_LIBRARIES = YES;
				BUNDLE_LOADER = "$(TEST_HOST)";
				CODE_SIGN_STYLE = Automatic;
				CURRENT_PROJECT_VERSION = 1;
				DEVELOPMENT_TEAM = 253GAU5X5Q;
				GENERATE_INFOPLIST_FILE = YES;
				IPHONEOS_DEPLOYMENT_TARGET = 17.0;
				MARKETING_VERSION = 1.0;
				PRODUCT_BUNDLE_IDENTIFIER = com.muratkaya.MoviesAppTests;
				PRODUCT_NAME = "$(TARGET_NAME)";
				SWIFT_EMIT_LOC_STRINGS = NO;
				SWIFT_VERSION = 5.0;
				TARGETED_DEVICE_FAMILY = "1,2";
				TEST_HOST = "$(BUILT_PRODUCTS_DIR)/MoviesApp.app/$(BUNDLE_EXECUTABLE_FOLDER_PATH)/MoviesApp";
			};
			name = Debug;
		};
		2F198E242AF8F855001D607E /* Release */ = {
			isa = XCBuildConfiguration;
			buildSettings = {
				ALWAYS_EMBED_SWIFT_STANDARD_LIBRARIES = YES;
				BUNDLE_LOADER = "$(TEST_HOST)";
				CODE_SIGN_STYLE = Automatic;
				CURRENT_PROJECT_VERSION = 1;
				DEVELOPMENT_TEAM = 253GAU5X5Q;
				GENERATE_INFOPLIST_FILE = YES;
				IPHONEOS_DEPLOYMENT_TARGET = 17.0;
				MARKETING_VERSION = 1.0;
				PRODUCT_BUNDLE_IDENTIFIER = com.muratkaya.MoviesAppTests;
				PRODUCT_NAME = "$(TARGET_NAME)";
				SWIFT_EMIT_LOC_STRINGS = NO;
				SWIFT_VERSION = 5.0;
				TARGETED_DEVICE_FAMILY = "1,2";
				TEST_HOST = "$(BUILT_PRODUCTS_DIR)/MoviesApp.app/$(BUNDLE_EXECUTABLE_FOLDER_PATH)/MoviesApp";
			};
			name = Release;
		};
		2F198E262AF8F855001D607E /* Debug */ = {
			isa = XCBuildConfiguration;
			buildSettings = {
				ALWAYS_EMBED_SWIFT_STANDARD_LIBRARIES = YES;
				CODE_SIGN_STYLE = Automatic;
				CURRENT_PROJECT_VERSION = 1;
				DEVELOPMENT_TEAM = 253GAU5X5Q;
				GENERATE_INFOPLIST_FILE = YES;
				MARKETING_VERSION = 1.0;
				PRODUCT_BUNDLE_IDENTIFIER = com.muratkaya.MoviesAppUITests;
				PRODUCT_NAME = "$(TARGET_NAME)";
				SWIFT_EMIT_LOC_STRINGS = NO;
				SWIFT_VERSION = 5.0;
				TARGETED_DEVICE_FAMILY = "1,2";
				TEST_TARGET_NAME = MoviesApp;
			};
			name = Debug;
		};
		2F198E272AF8F855001D607E /* Release */ = {
			isa = XCBuildConfiguration;
			buildSettings = {
				ALWAYS_EMBED_SWIFT_STANDARD_LIBRARIES = YES;
				CODE_SIGN_STYLE = Automatic;
				CURRENT_PROJECT_VERSION = 1;
				DEVELOPMENT_TEAM = 253GAU5X5Q;
				GENERATE_INFOPLIST_FILE = YES;
				MARKETING_VERSION = 1.0;
				PRODUCT_BUNDLE_IDENTIFIER = com.muratkaya.MoviesAppUITests;
				PRODUCT_NAME = "$(TARGET_NAME)";
				SWIFT_EMIT_LOC_STRINGS = NO;
				SWIFT_VERSION = 5.0;
				TARGETED_DEVICE_FAMILY = "1,2";
				TEST_TARGET_NAME = MoviesApp;
			};
			name = Release;
		};
/* End XCBuildConfiguration section */

/* Begin XCConfigurationList section */
		2F198DF02AF8F852001D607E /* Build configuration list for PBXProject "MoviesApp" */ = {
			isa = XCConfigurationList;
			buildConfigurations = (
				2F198E1D2AF8F855001D607E /* Debug */,
				2F198E1E2AF8F855001D607E /* Release */,
			);
			defaultConfigurationIsVisible = 0;
			defaultConfigurationName = Release;
		};
		2F198E1F2AF8F855001D607E /* Build configuration list for PBXNativeTarget "MoviesApp" */ = {
			isa = XCConfigurationList;
			buildConfigurations = (
				2F198E202AF8F855001D607E /* Debug */,
				2F198E212AF8F855001D607E /* Release */,
			);
			defaultConfigurationIsVisible = 0;
			defaultConfigurationName = Release;
		};
		2F198E222AF8F855001D607E /* Build configuration list for PBXNativeTarget "MoviesAppTests" */ = {
			isa = XCConfigurationList;
			buildConfigurations = (
				2F198E232AF8F855001D607E /* Debug */,
				2F198E242AF8F855001D607E /* Release */,
			);
			defaultConfigurationIsVisible = 0;
			defaultConfigurationName = Release;
		};
		2F198E252AF8F855001D607E /* Build configuration list for PBXNativeTarget "MoviesAppUITests" */ = {
			isa = XCConfigurationList;
			buildConfigurations = (
				2F198E262AF8F855001D607E /* Debug */,
				2F198E272AF8F855001D607E /* Release */,
			);
			defaultConfigurationIsVisible = 0;
			defaultConfigurationName = Release;
		};
/* End XCConfigurationList section */

/* Begin XCRemoteSwiftPackageReference section */
		2F198E412AF9174D001D607E /* XCRemoteSwiftPackageReference "Kingfisher" */ = {
			isa = XCRemoteSwiftPackageReference;
			repositoryURL = "https://github.com/onevcat/Kingfisher.git";
			requirement = {
				kind = upToNextMajorVersion;
				minimumVersion = 7.10.0;
			};
		};
/* End XCRemoteSwiftPackageReference section */

/* Begin XCSwiftPackageProductDependency section */
		2F198E422AF9174D001D607E /* Kingfisher */ = {
			isa = XCSwiftPackageProductDependency;
			package = 2F198E412AF9174D001D607E /* XCRemoteSwiftPackageReference "Kingfisher" */;
			productName = Kingfisher;
		};
/* End XCSwiftPackageProductDependency section */
	};
	rootObject = 2F198DED2AF8F852001D607E /* Project object */;
}
